
Microsoft Visual Studio Solution File, Format Version 12.00
# Visual Studio Version 17
VisualStudioVersion = 17.5.33414.496
MinimumVisualStudioVersion = 10.0.40219.1
Project("{FAE04EC0-301F-11D3-BF4B-00C04F79EFBC}") = "SentimentAnalysis", "SentimentAnalysis\SentimentAnalysis.csproj", "{10CF6011-483E-4DAB-A33B-4BCD5181533A}"
EndProject
Global
	GlobalSection(SolutionConfigurationPlatforms) = preSolution
		Debug|Any CPU = Debug|Any CPU
		Debug|x64 = Debug|x64
		Release|Any CPU = Release|Any CPU
		Release|x64 = Release|x64
	EndGlobalSection
	GlobalSection(ProjectConfigurationPlatforms) = postSolution
		{10CF6011-483E-4DAB-A33B-4BCD5181533A}.Debug|Any CPU.ActiveCfg = Debug|Any CPU
		{10CF6011-483E-4DAB-A33B-4BCD5181533A}.Debug|Any CPU.Build.0 = Debug|Any CPU
		{10CF6011-483E-4DAB-A33B-4BCD5181533A}.Debug|x64.ActiveCfg = Debug|x64
		{10CF6011-483E-4DAB-A33B-4BCD5181533A}.Debug|x64.Build.0 = Debug|x64
		{10CF6011-483E-4DAB-A33B-4BCD5181533A}.Release|Any CPU.ActiveCfg = Release|Any CPU
		{10CF6011-483E-4DAB-A33B-4BCD5181533A}.Release|Any CPU.Build.0 = Release|Any CPU
		{10CF6011-483E-4DAB-A33B-4BCD5181533A}.Release|x64.ActiveCfg = Release|x64
		{10CF6011-483E-4DAB-A33B-4BCD5181533A}.Release|x64.Build.0 = Release|x64
	EndGlobalSection
	GlobalSection(SolutionProperties) = preSolution
		HideSolutionNode = FALSE
	EndGlobalSection
	GlobalSection(ExtensibilityGlobals) = postSolution
		SolutionGuid = {176D048B-AC00-4070-8698-696166718C92}
	EndGlobalSection
EndGlobal
